// !$*UTF8*$!
{
	archiveVersion = 1;
	classes = {
	};
	objectVersion = 56;
	objects = {

/* Begin PBXBuildFile section */
		9831A00F2957232300437B26 /* AppDelegate.swift in Sources */ = {isa = PBXBuildFile; fileRef = 9831A00E2957232300437B26 /* AppDelegate.swift */; };
		9831A0112957232300437B26 /* SceneDelegate.swift in Sources */ = {isa = PBXBuildFile; fileRef = 9831A0102957232300437B26 /* SceneDelegate.swift */; };
		9831A0132957232300437B26 /* ViewController.swift in Sources */ = {isa = PBXBuildFile; fileRef = 9831A0122957232300437B26 /* ViewController.swift */; };
		9831A0162957232300437B26 /* Main.storyboard in Resources */ = {isa = PBXBuildFile; fileRef = 9831A0142957232300437B26 /* Main.storyboard */; };
		9831A0182957232500437B26 /* Assets.xcassets in Resources */ = {isa = PBXBuildFile; fileRef = 9831A0172957232500437B26 /* Assets.xcassets */; };
		9831A01B2957232500437B26 /* LaunchScreen.storyboard in Resources */ = {isa = PBXBuildFile; fileRef = 9831A0192957232500437B26 /* LaunchScreen.storyboard */; };
		9831A027295AE2EA00437B26 /* .gitignore in Resources */ = {isa = PBXBuildFile; fileRef = 9831A026295AE2EA00437B26 /* .gitignore */; };
		9831A029295AE36A00437B26 /* APIKey.swift in Sources */ = {isa = PBXBuildFile; fileRef = 9831A028295AE36A00437B26 /* APIKey.swift */; };
		9831A02C295AE39D00437B26 /* EndPoint.swift in Sources */ = {isa = PBXBuildFile; fileRef = 9831A02B295AE39D00437B26 /* EndPoint.swift */; };
		9831A036295AE91400437B26 /* Alamofire in Frameworks */ = {isa = PBXBuildFile; productRef = 9831A035295AE91400437B26 /* Alamofire */; };
		9831A039295AE93A00437B26 /* Toast in Frameworks */ = {isa = PBXBuildFile; productRef = 9831A038295AE93A00437B26 /* Toast */; };
		9831A04B295AF14900437B26 /* BaseView.swift in Sources */ = {isa = PBXBuildFile; fileRef = 9831A04A295AF14900437B26 /* BaseView.swift */; };
		9831A04D295AF15200437B26 /* BaseViewController.swift in Sources */ = {isa = PBXBuildFile; fileRef = 9831A04C295AF15200437B26 /* BaseViewController.swift */; };
		9831A04F295AF45400437B26 /* CategoryListView.swift in Sources */ = {isa = PBXBuildFile; fileRef = 9831A04E295AF45400437B26 /* CategoryListView.swift */; };
		9831A051295AF45B00437B26 /* CategoryListViewController.swift in Sources */ = {isa = PBXBuildFile; fileRef = 9831A050295AF45B00437B26 /* CategoryListViewController.swift */; };
		983D17AC295B029900D265EA /* UIColor+Extension.swift in Sources */ = {isa = PBXBuildFile; fileRef = 983D17AB295B029900D265EA /* UIColor+Extension.swift */; };
		983D17AF295B06FC00D265EA /* CategoryListViewCell.swift in Sources */ = {isa = PBXBuildFile; fileRef = 983D17AE295B06FC00D265EA /* CategoryListViewCell.swift */; };
		983D17D5295B42A900D265EA /* SnapKit in Frameworks */ = {isa = PBXBuildFile; productRef = 983D17D4295B42A900D265EA /* SnapKit */; };
		98B16555295BFE6D007D24CF /* RealmModel.swift in Sources */ = {isa = PBXBuildFile; fileRef = 98B16554295BFE6D007D24CF /* RealmModel.swift */; };
		98B1655A295C1511007D24CF /* Realm in Frameworks */ = {isa = PBXBuildFile; productRef = 98B16559295C1511007D24CF /* Realm */; };
		98B1655C295C1511007D24CF /* RealmSwift in Frameworks */ = {isa = PBXBuildFile; productRef = 98B1655B295C1511007D24CF /* RealmSwift */; };
		98B16560295C1FD6007D24CF /* EntireBookListView.swift in Sources */ = {isa = PBXBuildFile; fileRef = 98B1655F295C1FD6007D24CF /* EntireBookListView.swift */; };
		98B16562295C1FE2007D24CF /* EntireBookListViewController.swift in Sources */ = {isa = PBXBuildFile; fileRef = 98B16561295C1FE2007D24CF /* EntireBookListViewController.swift */; };
		98B16564295C22C3007D24CF /* EntireBookListViewCell.swift in Sources */ = {isa = PBXBuildFile; fileRef = 98B16563295C22C3007D24CF /* EntireBookListViewCell.swift */; };
		98B16568295C2ACE007D24CF /* BaseTableViewCell.swift in Sources */ = {isa = PBXBuildFile; fileRef = 98B16567295C2ACE007D24CF /* BaseTableViewCell.swift */; };
		98B1656A295C3560007D24CF /* EachBookListView.swift in Sources */ = {isa = PBXBuildFile; fileRef = 98B16569295C3560007D24CF /* EachBookListView.swift */; };
		98B1656C295C3570007D24CF /* EachBookListViewController.swift in Sources */ = {isa = PBXBuildFile; fileRef = 98B1656B295C3570007D24CF /* EachBookListViewController.swift */; };
		98B1656E295C357C007D24CF /* EachBookListViewCell.swift in Sources */ = {isa = PBXBuildFile; fileRef = 98B1656D295C357C007D24CF /* EachBookListViewCell.swift */; };
		98B16570295C4B6D007D24CF /* CategoryListCreator.swift in Sources */ = {isa = PBXBuildFile; fileRef = 98B1656F295C4B6D007D24CF /* CategoryListCreator.swift */; };
		98B16572295EE05B007D24CF /* BookMemoView.swift in Sources */ = {isa = PBXBuildFile; fileRef = 98B16571295EE05B007D24CF /* BookMemoView.swift */; };
		98B16574295EE064007D24CF /* BookMemoViewController.swift in Sources */ = {isa = PBXBuildFile; fileRef = 98B16573295EE064007D24CF /* BookMemoViewController.swift */; };
		98CB9D102961588700958583 /* UILabelFontAttribute.swift in Sources */ = {isa = PBXBuildFile; fileRef = 98CB9D0F2961588700958583 /* UILabelFontAttribute.swift */; };
		98CB9D12296188C800958583 /* SearchEntireBookListView.swift in Sources */ = {isa = PBXBuildFile; fileRef = 98CB9D11296188C800958583 /* SearchEntireBookListView.swift */; };
		98CB9D14296188D100958583 /* SearchEntireBookListViewController.swift in Sources */ = {isa = PBXBuildFile; fileRef = 98CB9D13296188D100958583 /* SearchEntireBookListViewController.swift */; };
		98CB9D16296189B500958583 /* SearchEntireBookListViewCell.swift in Sources */ = {isa = PBXBuildFile; fileRef = 98CB9D15296189B500958583 /* SearchEntireBookListViewCell.swift */; };
		98CB9D1829618C8B00958583 /* BookSearchView.swift in Sources */ = {isa = PBXBuildFile; fileRef = 98CB9D1729618C8B00958583 /* BookSearchView.swift */; };
		98CB9D1A29618C9600958583 /* BookSearchViewController.swift in Sources */ = {isa = PBXBuildFile; fileRef = 98CB9D1929618C9600958583 /* BookSearchViewController.swift */; };
		98CB9D1C29618D2A00958583 /* BookSearchViewCell.swift in Sources */ = {isa = PBXBuildFile; fileRef = 98CB9D1B29618D2A00958583 /* BookSearchViewCell.swift */; };
		98EC520B296434B200DACC1C /* APIManager.swift in Sources */ = {isa = PBXBuildFile; fileRef = 98EC520A296434B200DACC1C /* APIManager.swift */; };
		98EC520D29643BE400DACC1C /* Codable.swift in Sources */ = {isa = PBXBuildFile; fileRef = 98EC520C29643BE400DACC1C /* Codable.swift */; };
		98EC52102965A1D800DACC1C /* Kingfisher in Frameworks */ = {isa = PBXBuildFile; productRef = 98EC520F2965A1D800DACC1C /* Kingfisher */; };
/* End PBXBuildFile section */

/* Begin PBXFileReference section */
		9831A00B2957232300437B26 /* BookLine.app */ = {isa = PBXFileReference; explicitFileType = wrapper.application; includeInIndex = 0; path = BookLine.app; sourceTree = BUILT_PRODUCTS_DIR; };
		9831A00E2957232300437B26 /* AppDelegate.swift */ = {isa = PBXFileReference; lastKnownFileType = sourcecode.swift; path = AppDelegate.swift; sourceTree = "<group>"; };
		9831A0102957232300437B26 /* SceneDelegate.swift */ = {isa = PBXFileReference; lastKnownFileType = sourcecode.swift; path = SceneDelegate.swift; sourceTree = "<group>"; };
		9831A0122957232300437B26 /* ViewController.swift */ = {isa = PBXFileReference; lastKnownFileType = sourcecode.swift; path = ViewController.swift; sourceTree = "<group>"; };
		9831A0152957232300437B26 /* Base */ = {isa = PBXFileReference; lastKnownFileType = file.storyboard; name = Base; path = Base.lproj/Main.storyboard; sourceTree = "<group>"; };
		9831A0172957232500437B26 /* Assets.xcassets */ = {isa = PBXFileReference; lastKnownFileType = folder.assetcatalog; path = Assets.xcassets; sourceTree = "<group>"; };
		9831A01A2957232500437B26 /* Base */ = {isa = PBXFileReference; lastKnownFileType = file.storyboard; name = Base; path = Base.lproj/LaunchScreen.storyboard; sourceTree = "<group>"; };
		9831A01C2957232500437B26 /* Info.plist */ = {isa = PBXFileReference; lastKnownFileType = text.plist.xml; path = Info.plist; sourceTree = "<group>"; };
		9831A026295AE2EA00437B26 /* .gitignore */ = {isa = PBXFileReference; lastKnownFileType = text; name = .gitignore; path = BookLine/.gitignore; sourceTree = "<group>"; };
		9831A028295AE36A00437B26 /* APIKey.swift */ = {isa = PBXFileReference; lastKnownFileType = sourcecode.swift; path = APIKey.swift; sourceTree = "<group>"; };
		9831A02B295AE39D00437B26 /* EndPoint.swift */ = {isa = PBXFileReference; lastKnownFileType = sourcecode.swift; path = EndPoint.swift; sourceTree = "<group>"; };
		9831A04A295AF14900437B26 /* BaseView.swift */ = {isa = PBXFileReference; lastKnownFileType = sourcecode.swift; path = BaseView.swift; sourceTree = "<group>"; };
		9831A04C295AF15200437B26 /* BaseViewController.swift */ = {isa = PBXFileReference; lastKnownFileType = sourcecode.swift; path = BaseViewController.swift; sourceTree = "<group>"; };
		9831A04E295AF45400437B26 /* CategoryListView.swift */ = {isa = PBXFileReference; lastKnownFileType = sourcecode.swift; path = CategoryListView.swift; sourceTree = "<group>"; };
		9831A050295AF45B00437B26 /* CategoryListViewController.swift */ = {isa = PBXFileReference; lastKnownFileType = sourcecode.swift; path = CategoryListViewController.swift; sourceTree = "<group>"; };
		983D17AB295B029900D265EA /* UIColor+Extension.swift */ = {isa = PBXFileReference; lastKnownFileType = sourcecode.swift; path = "UIColor+Extension.swift"; sourceTree = "<group>"; };
		983D17AE295B06FC00D265EA /* CategoryListViewCell.swift */ = {isa = PBXFileReference; lastKnownFileType = sourcecode.swift; path = CategoryListViewCell.swift; sourceTree = "<group>"; };
		98B16554295BFE6D007D24CF /* RealmModel.swift */ = {isa = PBXFileReference; lastKnownFileType = sourcecode.swift; path = RealmModel.swift; sourceTree = "<group>"; };
		98B1655F295C1FD6007D24CF /* EntireBookListView.swift */ = {isa = PBXFileReference; lastKnownFileType = sourcecode.swift; path = EntireBookListView.swift; sourceTree = "<group>"; };
		98B16561295C1FE2007D24CF /* EntireBookListViewController.swift */ = {isa = PBXFileReference; lastKnownFileType = sourcecode.swift; path = EntireBookListViewController.swift; sourceTree = "<group>"; };
		98B16563295C22C3007D24CF /* EntireBookListViewCell.swift */ = {isa = PBXFileReference; lastKnownFileType = sourcecode.swift; path = EntireBookListViewCell.swift; sourceTree = "<group>"; };
		98B16567295C2ACE007D24CF /* BaseTableViewCell.swift */ = {isa = PBXFileReference; lastKnownFileType = sourcecode.swift; path = BaseTableViewCell.swift; sourceTree = "<group>"; };
		98B16569295C3560007D24CF /* EachBookListView.swift */ = {isa = PBXFileReference; lastKnownFileType = sourcecode.swift; path = EachBookListView.swift; sourceTree = "<group>"; };
		98B1656B295C3570007D24CF /* EachBookListViewController.swift */ = {isa = PBXFileReference; lastKnownFileType = sourcecode.swift; path = EachBookListViewController.swift; sourceTree = "<group>"; };
		98B1656D295C357C007D24CF /* EachBookListViewCell.swift */ = {isa = PBXFileReference; lastKnownFileType = sourcecode.swift; path = EachBookListViewCell.swift; sourceTree = "<group>"; };
		98B1656F295C4B6D007D24CF /* CategoryListCreator.swift */ = {isa = PBXFileReference; lastKnownFileType = sourcecode.swift; path = CategoryListCreator.swift; sourceTree = "<group>"; };
		98B16571295EE05B007D24CF /* BookMemoView.swift */ = {isa = PBXFileReference; lastKnownFileType = sourcecode.swift; path = BookMemoView.swift; sourceTree = "<group>"; };
		98B16573295EE064007D24CF /* BookMemoViewController.swift */ = {isa = PBXFileReference; lastKnownFileType = sourcecode.swift; path = BookMemoViewController.swift; sourceTree = "<group>"; };
		98CB9D0F2961588700958583 /* UILabelFontAttribute.swift */ = {isa = PBXFileReference; lastKnownFileType = sourcecode.swift; path = UILabelFontAttribute.swift; sourceTree = "<group>"; };
		98CB9D11296188C800958583 /* SearchEntireBookListView.swift */ = {isa = PBXFileReference; lastKnownFileType = sourcecode.swift; path = SearchEntireBookListView.swift; sourceTree = "<group>"; };
		98CB9D13296188D100958583 /* SearchEntireBookListViewController.swift */ = {isa = PBXFileReference; lastKnownFileType = sourcecode.swift; path = SearchEntireBookListViewController.swift; sourceTree = "<group>"; };
		98CB9D15296189B500958583 /* SearchEntireBookListViewCell.swift */ = {isa = PBXFileReference; lastKnownFileType = sourcecode.swift; path = SearchEntireBookListViewCell.swift; sourceTree = "<group>"; };
		98CB9D1729618C8B00958583 /* BookSearchView.swift */ = {isa = PBXFileReference; lastKnownFileType = sourcecode.swift; path = BookSearchView.swift; sourceTree = "<group>"; };
		98CB9D1929618C9600958583 /* BookSearchViewController.swift */ = {isa = PBXFileReference; lastKnownFileType = sourcecode.swift; path = BookSearchViewController.swift; sourceTree = "<group>"; };
		98CB9D1B29618D2A00958583 /* BookSearchViewCell.swift */ = {isa = PBXFileReference; lastKnownFileType = sourcecode.swift; path = BookSearchViewCell.swift; sourceTree = "<group>"; };
		98EC520A296434B200DACC1C /* APIManager.swift */ = {isa = PBXFileReference; lastKnownFileType = sourcecode.swift; path = APIManager.swift; sourceTree = "<group>"; };
		98EC520C29643BE400DACC1C /* Codable.swift */ = {isa = PBXFileReference; lastKnownFileType = sourcecode.swift; path = Codable.swift; sourceTree = "<group>"; };
/* End PBXFileReference section */

/* Begin PBXFrameworksBuildPhase section */
		9831A0082957232300437B26 /* Frameworks */ = {
			isa = PBXFrameworksBuildPhase;
			buildActionMask = 2147483647;
			files = (
				98EC52102965A1D800DACC1C /* Kingfisher in Frameworks */,
				983D17D5295B42A900D265EA /* SnapKit in Frameworks */,
				9831A039295AE93A00437B26 /* Toast in Frameworks */,
				98B1655A295C1511007D24CF /* Realm in Frameworks */,
				98B1655C295C1511007D24CF /* RealmSwift in Frameworks */,
				9831A036295AE91400437B26 /* Alamofire in Frameworks */,
			);
			runOnlyForDeploymentPostprocessing = 0;
		};
/* End PBXFrameworksBuildPhase section */

/* Begin PBXGroup section */
		9831A0022957232300437B26 = {
			isa = PBXGroup;
			children = (
				9831A026295AE2EA00437B26 /* .gitignore */,
				9831A00D2957232300437B26 /* BookLine */,
				9831A00C2957232300437B26 /* Products */,
				983D17D6295B42B900D265EA /* Frameworks */,
			);
			sourceTree = "<group>";
		};
		9831A00C2957232300437B26 /* Products */ = {
			isa = PBXGroup;
			children = (
				9831A00B2957232300437B26 /* BookLine.app */,
			);
			name = Products;
			sourceTree = "<group>";
		};
		9831A00D2957232300437B26 /* BookLine */ = {
			isa = PBXGroup;
			children = (
				98B16553295BFE60007D24CF /* Realm */,
				983D17AA295B028300D265EA /* Extension */,
				9831A02F295AE61400437B26 /* Scene */,
				9831A02E295AE55000437B26 /* CustomView */,
				9831A02D295AE53900437B26 /* BaseView */,
				9831A02A295AE37900437B26 /* Network */,
				9831A0102957232300437B26 /* SceneDelegate.swift */,
				9831A00E2957232300437B26 /* AppDelegate.swift */,
				9831A0122957232300437B26 /* ViewController.swift */,
				9831A0142957232300437B26 /* Main.storyboard */,
				9831A0172957232500437B26 /* Assets.xcassets */,
				9831A0192957232500437B26 /* LaunchScreen.storyboard */,
				9831A01C2957232500437B26 /* Info.plist */,
			);
			path = BookLine;
			sourceTree = "<group>";
		};
		9831A02A295AE37900437B26 /* Network */ = {
			isa = PBXGroup;
			children = (
				9831A028295AE36A00437B26 /* APIKey.swift */,
				9831A02B295AE39D00437B26 /* EndPoint.swift */,
				98EC520A296434B200DACC1C /* APIManager.swift */,
				98EC520C29643BE400DACC1C /* Codable.swift */,
			);
			path = Network;
			sourceTree = "<group>";
		};
		9831A02D295AE53900437B26 /* BaseView */ = {
			isa = PBXGroup;
			children = (
				9831A04A295AF14900437B26 /* BaseView.swift */,
				9831A04C295AF15200437B26 /* BaseViewController.swift */,
				98B16567295C2ACE007D24CF /* BaseTableViewCell.swift */,
			);
			path = BaseView;
			sourceTree = "<group>";
		};
		9831A02E295AE55000437B26 /* CustomView */ = {
			isa = PBXGroup;
			children = (
				98CB9D0E2961567F00958583 /* Attribute */,
				983D17AD295B06F300D265EA /* Cell */,
			);
			path = CustomView;
			sourceTree = "<group>";
		};
		9831A02F295AE61400437B26 /* Scene */ = {
			isa = PBXGroup;
			children = (
				9831A030295AE66000437B26 /* CategoryList */,
				9831A031295AE67E00437B26 /* BookList */,
				9831A033295AE7FE00437B26 /* BookMemo */,
				9831A032295AE75D00437B26 /* BookSearch */,
			);
			path = Scene;
			sourceTree = "<group>";
		};
		9831A030295AE66000437B26 /* CategoryList */ = {
			isa = PBXGroup;
			children = (
				9831A04E295AF45400437B26 /* CategoryListView.swift */,
				9831A050295AF45B00437B26 /* CategoryListViewController.swift */,
				98B1656F295C4B6D007D24CF /* CategoryListCreator.swift */,
			);
			path = CategoryList;
			sourceTree = "<group>";
		};
		9831A031295AE67E00437B26 /* BookList */ = {
			isa = PBXGroup;
			children = (
				98B1655F295C1FD6007D24CF /* EntireBookListView.swift */,
				98B16561295C1FE2007D24CF /* EntireBookListViewController.swift */,
				98B16569295C3560007D24CF /* EachBookListView.swift */,
				98B1656B295C3570007D24CF /* EachBookListViewController.swift */,
				98CB9D11296188C800958583 /* SearchEntireBookListView.swift */,
				98CB9D13296188D100958583 /* SearchEntireBookListViewController.swift */,
			);
			path = BookList;
			sourceTree = "<group>";
		};
		9831A032295AE75D00437B26 /* BookSearch */ = {
			isa = PBXGroup;
			children = (
				98CB9D1729618C8B00958583 /* BookSearchView.swift */,
				98CB9D1929618C9600958583 /* BookSearchViewController.swift */,
			);
			path = BookSearch;
			sourceTree = "<group>";
		};
		9831A033295AE7FE00437B26 /* BookMemo */ = {
			isa = PBXGroup;
			children = (
				98B16571295EE05B007D24CF /* BookMemoView.swift */,
				98B16573295EE064007D24CF /* BookMemoViewController.swift */,
			);
			path = BookMemo;
			sourceTree = "<group>";
		};
		983D17AA295B028300D265EA /* Extension */ = {
			isa = PBXGroup;
			children = (
				983D17AB295B029900D265EA /* UIColor+Extension.swift */,
			);
			path = Extension;
			sourceTree = "<group>";
		};
		983D17AD295B06F300D265EA /* Cell */ = {
			isa = PBXGroup;
			children = (
				983D17AE295B06FC00D265EA /* CategoryListViewCell.swift */,
				98B16563295C22C3007D24CF /* EntireBookListViewCell.swift */,
				98B1656D295C357C007D24CF /* EachBookListViewCell.swift */,
				98CB9D15296189B500958583 /* SearchEntireBookListViewCell.swift */,
				98CB9D1B29618D2A00958583 /* BookSearchViewCell.swift */,
			);
			path = Cell;
			sourceTree = "<group>";
		};
		983D17D6295B42B900D265EA /* Frameworks */ = {
			isa = PBXGroup;
			children = (
			);
			name = Frameworks;
			sourceTree = "<group>";
		};
		98B16553295BFE60007D24CF /* Realm */ = {
			isa = PBXGroup;
			children = (
				98B16554295BFE6D007D24CF /* RealmModel.swift */,
			);
			path = Realm;
			sourceTree = "<group>";
		};
		98CB9D0E2961567F00958583 /* Attribute */ = {
			isa = PBXGroup;
			children = (
				98CB9D0F2961588700958583 /* UILabelFontAttribute.swift */,
			);
			path = Attribute;
			sourceTree = "<group>";
		};
/* End PBXGroup section */

/* Begin PBXNativeTarget section */
		9831A00A2957232300437B26 /* BookLine */ = {
			isa = PBXNativeTarget;
			buildConfigurationList = 9831A01F2957232500437B26 /* Build configuration list for PBXNativeTarget "BookLine" */;
			buildPhases = (
				9831A0072957232300437B26 /* Sources */,
				9831A0082957232300437B26 /* Frameworks */,
				9831A0092957232300437B26 /* Resources */,
			);
			buildRules = (
			);
			dependencies = (
			);
			name = BookLine;
			packageProductDependencies = (
				9831A035295AE91400437B26 /* Alamofire */,
				9831A038295AE93A00437B26 /* Toast */,
				983D17D4295B42A900D265EA /* SnapKit */,
				98B16559295C1511007D24CF /* Realm */,
				98B1655B295C1511007D24CF /* RealmSwift */,
				98EC520F2965A1D800DACC1C /* Kingfisher */,
			);
			productName = BookLine;
			productReference = 9831A00B2957232300437B26 /* BookLine.app */;
			productType = "com.apple.product-type.application";
		};
/* End PBXNativeTarget section */

/* Begin PBXProject section */
		9831A0032957232300437B26 /* Project object */ = {
			isa = PBXProject;
			attributes = {
				BuildIndependentTargetsInParallel = 1;
				LastSwiftUpdateCheck = 1410;
				LastUpgradeCheck = 1410;
				TargetAttributes = {
					9831A00A2957232300437B26 = {
						CreatedOnToolsVersion = 14.1;
					};
				};
			};
			buildConfigurationList = 9831A0062957232300437B26 /* Build configuration list for PBXProject "BookLine" */;
			compatibilityVersion = "Xcode 14.0";
			developmentRegion = en;
			hasScannedForEncodings = 0;
			knownRegions = (
				en,
				Base,
			);
			mainGroup = 9831A0022957232300437B26;
			packageReferences = (
				9831A034295AE91400437B26 /* XCRemoteSwiftPackageReference "Alamofire" */,
				9831A037295AE93A00437B26 /* XCRemoteSwiftPackageReference "Toast-Swift" */,
				983D17D3295B42A900D265EA /* XCRemoteSwiftPackageReference "SnapKit" */,
				98B16558295C1511007D24CF /* XCRemoteSwiftPackageReference "realm-swift" */,
				98EC520E2965A1D700DACC1C /* XCRemoteSwiftPackageReference "Kingfisher" */,
			);
			productRefGroup = 9831A00C2957232300437B26 /* Products */;
			projectDirPath = "";
			projectRoot = "";
			targets = (
				9831A00A2957232300437B26 /* BookLine */,
			);
		};
/* End PBXProject section */

/* Begin PBXResourcesBuildPhase section */
		9831A0092957232300437B26 /* Resources */ = {
			isa = PBXResourcesBuildPhase;
			buildActionMask = 2147483647;
			files = (
				9831A027295AE2EA00437B26 /* .gitignore in Resources */,
				9831A01B2957232500437B26 /* LaunchScreen.storyboard in Resources */,
				9831A0182957232500437B26 /* Assets.xcassets in Resources */,
				9831A0162957232300437B26 /* Main.storyboard in Resources */,
			);
			runOnlyForDeploymentPostprocessing = 0;
		};
/* End PBXResourcesBuildPhase section */

/* Begin PBXSourcesBuildPhase section */
		9831A0072957232300437B26 /* Sources */ = {
			isa = PBXSourcesBuildPhase;
			buildActionMask = 2147483647;
			files = (
				98B16568295C2ACE007D24CF /* BaseTableViewCell.swift in Sources */,
				9831A0132957232300437B26 /* ViewController.swift in Sources */,
				98B16555295BFE6D007D24CF /* RealmModel.swift in Sources */,
				9831A00F2957232300437B26 /* AppDelegate.swift in Sources */,
				98B16560295C1FD6007D24CF /* EntireBookListView.swift in Sources */,
				9831A051295AF45B00437B26 /* CategoryListViewController.swift in Sources */,
				98B1656C295C3570007D24CF /* EachBookListViewController.swift in Sources */,
				9831A02C295AE39D00437B26 /* EndPoint.swift in Sources */,
				98CB9D16296189B500958583 /* SearchEntireBookListViewCell.swift in Sources */,
				98CB9D1829618C8B00958583 /* BookSearchView.swift in Sources */,
				98CB9D12296188C800958583 /* SearchEntireBookListView.swift in Sources */,
				98B1656E295C357C007D24CF /* EachBookListViewCell.swift in Sources */,
				98EC520B296434B200DACC1C /* APIManager.swift in Sources */,
				98B16562295C1FE2007D24CF /* EntireBookListViewController.swift in Sources */,
				98CB9D1A29618C9600958583 /* BookSearchViewController.swift in Sources */,
				98B16570295C4B6D007D24CF /* CategoryListCreator.swift in Sources */,
				9831A04B295AF14900437B26 /* BaseView.swift in Sources */,
				983D17AF295B06FC00D265EA /* CategoryListViewCell.swift in Sources */,
				98CB9D102961588700958583 /* UILabelFontAttribute.swift in Sources */,
				9831A029295AE36A00437B26 /* APIKey.swift in Sources */,
				9831A04D295AF15200437B26 /* BaseViewController.swift in Sources */,
				9831A04F295AF45400437B26 /* CategoryListView.swift in Sources */,
				98CB9D1C29618D2A00958583 /* BookSearchViewCell.swift in Sources */,
				98CB9D14296188D100958583 /* SearchEntireBookListViewController.swift in Sources */,
				9831A0112957232300437B26 /* SceneDelegate.swift in Sources */,
				98B16564295C22C3007D24CF /* EntireBookListViewCell.swift in Sources */,
				98B16572295EE05B007D24CF /* BookMemoView.swift in Sources */,
				98B16574295EE064007D24CF /* BookMemoViewController.swift in Sources */,
				98B1656A295C3560007D24CF /* EachBookListView.swift in Sources */,
				98EC520D29643BE400DACC1C /* Codable.swift in Sources */,
				983D17AC295B029900D265EA /* UIColor+Extension.swift in Sources */,
			);
			runOnlyForDeploymentPostprocessing = 0;
		};
/* End PBXSourcesBuildPhase section */

/* Begin PBXVariantGroup section */
		9831A0142957232300437B26 /* Main.storyboard */ = {
			isa = PBXVariantGroup;
			children = (
				9831A0152957232300437B26 /* Base */,
			);
			name = Main.storyboard;
			sourceTree = "<group>";
		};
		9831A0192957232500437B26 /* LaunchScreen.storyboard */ = {
			isa = PBXVariantGroup;
			children = (
				9831A01A2957232500437B26 /* Base */,
			);
			name = LaunchScreen.storyboard;
			sourceTree = "<group>";
		};
/* End PBXVariantGroup section */

/* Begin XCBuildConfiguration section */
		9831A01D2957232500437B26 /* Debug */ = {
			isa = XCBuildConfiguration;
			buildSettings = {
				ALWAYS_SEARCH_USER_PATHS = NO;
				CLANG_ANALYZER_NONNULL = YES;
				CLANG_ANALYZER_NUMBER_OBJECT_CONVERSION = YES_AGGRESSIVE;
				CLANG_CXX_LANGUAGE_STANDARD = "gnu++20";
				CLANG_ENABLE_MODULES = YES;
				CLANG_ENABLE_OBJC_ARC = YES;
				CLANG_ENABLE_OBJC_WEAK = YES;
				CLANG_WARN_BLOCK_CAPTURE_AUTORELEASING = YES;
				CLANG_WARN_BOOL_CONVERSION = YES;
				CLANG_WARN_COMMA = YES;
				CLANG_WARN_CONSTANT_CONVERSION = YES;
				CLANG_WARN_DEPRECATED_OBJC_IMPLEMENTATIONS = YES;
				CLANG_WARN_DIRECT_OBJC_ISA_USAGE = YES_ERROR;
				CLANG_WARN_DOCUMENTATION_COMMENTS = YES;
				CLANG_WARN_EMPTY_BODY = YES;
				CLANG_WARN_ENUM_CONVERSION = YES;
				CLANG_WARN_INFINITE_RECURSION = YES;
				CLANG_WARN_INT_CONVERSION = YES;
				CLANG_WARN_NON_LITERAL_NULL_CONVERSION = YES;
				CLANG_WARN_OBJC_IMPLICIT_RETAIN_SELF = YES;
				CLANG_WARN_OBJC_LITERAL_CONVERSION = YES;
				CLANG_WARN_OBJC_ROOT_CLASS = YES_ERROR;
				CLANG_WARN_QUOTED_INCLUDE_IN_FRAMEWORK_HEADER = YES;
				CLANG_WARN_RANGE_LOOP_ANALYSIS = YES;
				CLANG_WARN_STRICT_PROTOTYPES = YES;
				CLANG_WARN_SUSPICIOUS_MOVE = YES;
				CLANG_WARN_UNGUARDED_AVAILABILITY = YES_AGGRESSIVE;
				CLANG_WARN_UNREACHABLE_CODE = YES;
				CLANG_WARN__DUPLICATE_METHOD_MATCH = YES;
				COPY_PHASE_STRIP = NO;
				DEBUG_INFORMATION_FORMAT = dwarf;
				ENABLE_STRICT_OBJC_MSGSEND = YES;
				ENABLE_TESTABILITY = YES;
				GCC_C_LANGUAGE_STANDARD = gnu11;
				GCC_DYNAMIC_NO_PIC = NO;
				GCC_NO_COMMON_BLOCKS = YES;
				GCC_OPTIMIZATION_LEVEL = 0;
				GCC_PREPROCESSOR_DEFINITIONS = (
					"DEBUG=1",
					"$(inherited)",
				);
				GCC_WARN_64_TO_32_BIT_CONVERSION = YES;
				GCC_WARN_ABOUT_RETURN_TYPE = YES_ERROR;
				GCC_WARN_UNDECLARED_SELECTOR = YES;
				GCC_WARN_UNINITIALIZED_AUTOS = YES_AGGRESSIVE;
				GCC_WARN_UNUSED_FUNCTION = YES;
				GCC_WARN_UNUSED_VARIABLE = YES;
				IPHONEOS_DEPLOYMENT_TARGET = 15.0;
				MTL_ENABLE_DEBUG_INFO = INCLUDE_SOURCE;
				MTL_FAST_MATH = YES;
				ONLY_ACTIVE_ARCH = YES;
				SDKROOT = iphoneos;
				SWIFT_ACTIVE_COMPILATION_CONDITIONS = DEBUG;
				SWIFT_OPTIMIZATION_LEVEL = "-Onone";
			};
			name = Debug;
		};
		9831A01E2957232500437B26 /* Release */ = {
			isa = XCBuildConfiguration;
			buildSettings = {
				ALWAYS_SEARCH_USER_PATHS = NO;
				CLANG_ANALYZER_NONNULL = YES;
				CLANG_ANALYZER_NUMBER_OBJECT_CONVERSION = YES_AGGRESSIVE;
				CLANG_CXX_LANGUAGE_STANDARD = "gnu++20";
				CLANG_ENABLE_MODULES = YES;
				CLANG_ENABLE_OBJC_ARC = YES;
				CLANG_ENABLE_OBJC_WEAK = YES;
				CLANG_WARN_BLOCK_CAPTURE_AUTORELEASING = YES;
				CLANG_WARN_BOOL_CONVERSION = YES;
				CLANG_WARN_COMMA = YES;
				CLANG_WARN_CONSTANT_CONVERSION = YES;
				CLANG_WARN_DEPRECATED_OBJC_IMPLEMENTATIONS = YES;
				CLANG_WARN_DIRECT_OBJC_ISA_USAGE = YES_ERROR;
				CLANG_WARN_DOCUMENTATION_COMMENTS = YES;
				CLANG_WARN_EMPTY_BODY = YES;
				CLANG_WARN_ENUM_CONVERSION = YES;
				CLANG_WARN_INFINITE_RECURSION = YES;
				CLANG_WARN_INT_CONVERSION = YES;
				CLANG_WARN_NON_LITERAL_NULL_CONVERSION = YES;
				CLANG_WARN_OBJC_IMPLICIT_RETAIN_SELF = YES;
				CLANG_WARN_OBJC_LITERAL_CONVERSION = YES;
				CLANG_WARN_OBJC_ROOT_CLASS = YES_ERROR;
				CLANG_WARN_QUOTED_INCLUDE_IN_FRAMEWORK_HEADER = YES;
				CLANG_WARN_RANGE_LOOP_ANALYSIS = YES;
				CLANG_WARN_STRICT_PROTOTYPES = YES;
				CLANG_WARN_SUSPICIOUS_MOVE = YES;
				CLANG_WARN_UNGUARDED_AVAILABILITY = YES_AGGRESSIVE;
				CLANG_WARN_UNREACHABLE_CODE = YES;
				CLANG_WARN__DUPLICATE_METHOD_MATCH = YES;
				COPY_PHASE_STRIP = NO;
				DEBUG_INFORMATION_FORMAT = "dwarf-with-dsym";
				ENABLE_NS_ASSERTIONS = NO;
				ENABLE_STRICT_OBJC_MSGSEND = YES;
				GCC_C_LANGUAGE_STANDARD = gnu11;
				GCC_NO_COMMON_BLOCKS = YES;
				GCC_WARN_64_TO_32_BIT_CONVERSION = YES;
				GCC_WARN_ABOUT_RETURN_TYPE = YES_ERROR;
				GCC_WARN_UNDECLARED_SELECTOR = YES;
				GCC_WARN_UNINITIALIZED_AUTOS = YES_AGGRESSIVE;
				GCC_WARN_UNUSED_FUNCTION = YES;
				GCC_WARN_UNUSED_VARIABLE = YES;
				IPHONEOS_DEPLOYMENT_TARGET = 15.0;
				MTL_ENABLE_DEBUG_INFO = NO;
				MTL_FAST_MATH = YES;
				SDKROOT = iphoneos;
				SWIFT_COMPILATION_MODE = wholemodule;
				SWIFT_OPTIMIZATION_LEVEL = "-O";
				VALIDATE_PRODUCT = YES;
			};
			name = Release;
		};
		9831A0202957232500437B26 /* Debug */ = {
			isa = XCBuildConfiguration;
			buildSettings = {
				ASSETCATALOG_COMPILER_APPICON_NAME = AppIcon;
				ASSETCATALOG_COMPILER_GLOBAL_ACCENT_COLOR_NAME = AccentColor;
				CODE_SIGN_STYLE = Automatic;
				CURRENT_PROJECT_VERSION = 1;
				DEVELOPMENT_TEAM = VSHQ8JA888;
				GENERATE_INFOPLIST_FILE = YES;
				INFOPLIST_FILE = BookLine/Info.plist;
				INFOPLIST_KEY_UIApplicationSupportsIndirectInputEvents = YES;
				INFOPLIST_KEY_UILaunchStoryboardName = LaunchScreen;
				INFOPLIST_KEY_UIMainStoryboardFile = Main;
				INFOPLIST_KEY_UISupportedInterfaceOrientations_iPad = "UIInterfaceOrientationPortrait UIInterfaceOrientationPortraitUpsideDown UIInterfaceOrientationLandscapeLeft UIInterfaceOrientationLandscapeRight";
				INFOPLIST_KEY_UISupportedInterfaceOrientations_iPhone = "UIInterfaceOrientationPortrait UIInterfaceOrientationLandscapeLeft UIInterfaceOrientationLandscapeRight";
				LD_RUNPATH_SEARCH_PATHS = (
					"$(inherited)",
					"@executable_path/Frameworks",
				);
				MARKETING_VERSION = 1.0;
				PRODUCT_BUNDLE_IDENTIFIER = com.taehwan.BookLine;
				PRODUCT_NAME = "$(TARGET_NAME)";
				SWIFT_EMIT_LOC_STRINGS = YES;
				SWIFT_VERSION = 5.0;
				TARGETED_DEVICE_FAMILY = "1,2";
			};
			name = Debug;
		};
		9831A0212957232500437B26 /* Release */ = {
			isa = XCBuildConfiguration;
			buildSettings = {
				ASSETCATALOG_COMPILER_APPICON_NAME = AppIcon;
				ASSETCATALOG_COMPILER_GLOBAL_ACCENT_COLOR_NAME = AccentColor;
				CODE_SIGN_STYLE = Automatic;
				CURRENT_PROJECT_VERSION = 1;
				DEVELOPMENT_TEAM = VSHQ8JA888;
				GENERATE_INFOPLIST_FILE = YES;
				INFOPLIST_FILE = BookLine/Info.plist;
				INFOPLIST_KEY_UIApplicationSupportsIndirectInputEvents = YES;
				INFOPLIST_KEY_UILaunchStoryboardName = LaunchScreen;
				INFOPLIST_KEY_UIMainStoryboardFile = Main;
				INFOPLIST_KEY_UISupportedInterfaceOrientations_iPad = "UIInterfaceOrientationPortrait UIInterfaceOrientationPortraitUpsideDown UIInterfaceOrientationLandscapeLeft UIInterfaceOrientationLandscapeRight";
				INFOPLIST_KEY_UISupportedInterfaceOrientations_iPhone = "UIInterfaceOrientationPortrait UIInterfaceOrientationLandscapeLeft UIInterfaceOrientationLandscapeRight";
				LD_RUNPATH_SEARCH_PATHS = (
					"$(inherited)",
					"@executable_path/Frameworks",
				);
				MARKETING_VERSION = 1.0;
				PRODUCT_BUNDLE_IDENTIFIER = com.taehwan.BookLine;
				PRODUCT_NAME = "$(TARGET_NAME)";
				SWIFT_EMIT_LOC_STRINGS = YES;
				SWIFT_VERSION = 5.0;
				TARGETED_DEVICE_FAMILY = "1,2";
			};
			name = Release;
		};
/* End XCBuildConfiguration section */

/* Begin XCConfigurationList section */
		9831A0062957232300437B26 /* Build configuration list for PBXProject "BookLine" */ = {
			isa = XCConfigurationList;
			buildConfigurations = (
				9831A01D2957232500437B26 /* Debug */,
				9831A01E2957232500437B26 /* Release */,
			);
			defaultConfigurationIsVisible = 0;
			defaultConfigurationName = Release;
		};
		9831A01F2957232500437B26 /* Build configuration list for PBXNativeTarget "BookLine" */ = {
			isa = XCConfigurationList;
			buildConfigurations = (
				9831A0202957232500437B26 /* Debug */,
				9831A0212957232500437B26 /* Release */,
			);
			defaultConfigurationIsVisible = 0;
			defaultConfigurationName = Release;
		};
/* End XCConfigurationList section */

/* Begin XCRemoteSwiftPackageReference section */
		9831A034295AE91400437B26 /* XCRemoteSwiftPackageReference "Alamofire" */ = {
			isa = XCRemoteSwiftPackageReference;
			repositoryURL = "https://github.com/Alamofire/Alamofire.git";
			requirement = {
				kind = upToNextMajorVersion;
				minimumVersion = 5.0.0;
			};
		};
		9831A037295AE93A00437B26 /* XCRemoteSwiftPackageReference "Toast-Swift" */ = {
			isa = XCRemoteSwiftPackageReference;
			repositoryURL = "https://github.com/scalessec/Toast-Swift.git";
			requirement = {
				kind = upToNextMajorVersion;
				minimumVersion = 5.0.0;
			};
		};
		983D17D3295B42A900D265EA /* XCRemoteSwiftPackageReference "SnapKit" */ = {
			isa = XCRemoteSwiftPackageReference;
			repositoryURL = "https://github.com/SnapKit/SnapKit.git";
			requirement = {
				kind = upToNextMajorVersion;
				minimumVersion = 5.6.0;
			};
		};
		98B16558295C1511007D24CF /* XCRemoteSwiftPackageReference "realm-swift" */ = {
			isa = XCRemoteSwiftPackageReference;
			repositoryURL = "https://github.com/realm/realm-swift.git";
			requirement = {
				kind = upToNextMajorVersion;
				minimumVersion = 10.0.0;
			};
		};
		98EC520E2965A1D700DACC1C /* XCRemoteSwiftPackageReference "Kingfisher" */ = {
			isa = XCRemoteSwiftPackageReference;
			repositoryURL = "https://github.com/onevcat/Kingfisher.git";
			requirement = {
				kind = upToNextMajorVersion;
				minimumVersion = 7.0.0;
			};
		};
/* End XCRemoteSwiftPackageReference section */

/* Begin XCSwiftPackageProductDependency section */
		9831A035295AE91400437B26 /* Alamofire */ = {
			isa = XCSwiftPackageProductDependency;
			package = 9831A034295AE91400437B26 /* XCRemoteSwiftPackageReference "Alamofire" */;
			productName = Alamofire;
		};
		9831A038295AE93A00437B26 /* Toast */ = {
			isa = XCSwiftPackageProductDependency;
			package = 9831A037295AE93A00437B26 /* XCRemoteSwiftPackageReference "Toast-Swift" */;
			productName = Toast;
		};
		983D17D4295B42A900D265EA /* SnapKit */ = {
			isa = XCSwiftPackageProductDependency;
			package = 983D17D3295B42A900D265EA /* XCRemoteSwiftPackageReference "SnapKit" */;
			productName = SnapKit;
		};
		98B16559295C1511007D24CF /* Realm */ = {
			isa = XCSwiftPackageProductDependency;
			package = 98B16558295C1511007D24CF /* XCRemoteSwiftPackageReference "realm-swift" */;
			productName = Realm;
		};
		98B1655B295C1511007D24CF /* RealmSwift */ = {
			isa = XCSwiftPackageProductDependency;
			package = 98B16558295C1511007D24CF /* XCRemoteSwiftPackageReference "realm-swift" */;
			productName = RealmSwift;
		};
		98EC520F2965A1D800DACC1C /* Kingfisher */ = {
			isa = XCSwiftPackageProductDependency;
			package = 98EC520E2965A1D700DACC1C /* XCRemoteSwiftPackageReference "Kingfisher" */;
			productName = Kingfisher;
		};
/* End XCSwiftPackageProductDependency section */
	};
	rootObject = 9831A0032957232300437B26 /* Project object */;
}
